// !$*UTF8*$!
{
	archiveVersion = 1;
	classes = {
	};
	objectVersion = 55;
	objects = {

/* Begin PBXBuildFile section */
		C26E32A03E7841A63D52189F /* Pods_ReactorKit_Rx.framework in Frameworks */ = {isa = PBXBuildFile; fileRef = 3360593C8DF06408ECB1AA0D /* Pods_ReactorKit_Rx.framework */; };
		E9EEFEAA27B78ABC00B65CC7 /* AppDelegate.swift in Sources */ = {isa = PBXBuildFile; fileRef = E9EEFEA927B78ABC00B65CC7 /* AppDelegate.swift */; };
		E9EEFEAC27B78ABC00B65CC7 /* SceneDelegate.swift in Sources */ = {isa = PBXBuildFile; fileRef = E9EEFEAB27B78ABC00B65CC7 /* SceneDelegate.swift */; };
		E9EEFEAE27B78ABC00B65CC7 /* ViewController.swift in Sources */ = {isa = PBXBuildFile; fileRef = E9EEFEAD27B78ABC00B65CC7 /* ViewController.swift */; };
		E9EEFEB127B78ABC00B65CC7 /* Main.storyboard in Resources */ = {isa = PBXBuildFile; fileRef = E9EEFEAF27B78ABC00B65CC7 /* Main.storyboard */; };
		E9EEFEB327B78ABE00B65CC7 /* Assets.xcassets in Resources */ = {isa = PBXBuildFile; fileRef = E9EEFEB227B78ABE00B65CC7 /* Assets.xcassets */; };
		E9EEFEB627B78ABE00B65CC7 /* LaunchScreen.storyboard in Resources */ = {isa = PBXBuildFile; fileRef = E9EEFEB427B78ABE00B65CC7 /* LaunchScreen.storyboard */; };
/* End PBXBuildFile section */

/* Begin PBXFileReference section */
		1254D100C7537CD29F67B97D /* Pods-ReactorKit-Rx.debug.xcconfig */ = {isa = PBXFileReference; includeInIndex = 1; lastKnownFileType = text.xcconfig; name = "Pods-ReactorKit-Rx.debug.xcconfig"; path = "Target Support Files/Pods-ReactorKit-Rx/Pods-ReactorKit-Rx.debug.xcconfig"; sourceTree = "<group>"; };
		3360593C8DF06408ECB1AA0D /* Pods_ReactorKit_Rx.framework */ = {isa = PBXFileReference; explicitFileType = wrapper.framework; includeInIndex = 0; path = Pods_ReactorKit_Rx.framework; sourceTree = BUILT_PRODUCTS_DIR; };
		A1080DC62A25D0814730F125 /* Pods-ReactorKit-Rx.release.xcconfig */ = {isa = PBXFileReference; includeInIndex = 1; lastKnownFileType = text.xcconfig; name = "Pods-ReactorKit-Rx.release.xcconfig"; path = "Target Support Files/Pods-ReactorKit-Rx/Pods-ReactorKit-Rx.release.xcconfig"; sourceTree = "<group>"; };
		E9EEFEA627B78ABC00B65CC7 /* ReactorKit-Rx.app */ = {isa = PBXFileReference; explicitFileType = wrapper.application; includeInIndex = 0; path = "ReactorKit-Rx.app"; sourceTree = BUILT_PRODUCTS_DIR; };
		E9EEFEA927B78ABC00B65CC7 /* AppDelegate.swift */ = {isa = PBXFileReference; lastKnownFileType = sourcecode.swift; path = AppDelegate.swift; sourceTree = "<group>"; };
		E9EEFEAB27B78ABC00B65CC7 /* SceneDelegate.swift */ = {isa = PBXFileReference; lastKnownFileType = sourcecode.swift; path = SceneDelegate.swift; sourceTree = "<group>"; };
		E9EEFEAD27B78ABC00B65CC7 /* ViewController.swift */ = {isa = PBXFileReference; lastKnownFileType = sourcecode.swift; path = ViewController.swift; sourceTree = "<group>"; };
		E9EEFEB027B78ABC00B65CC7 /* Base */ = {isa = PBXFileReference; lastKnownFileType = file.storyboard; name = Base; path = Base.lproj/Main.storyboard; sourceTree = "<group>"; };
		E9EEFEB227B78ABE00B65CC7 /* Assets.xcassets */ = {isa = PBXFileReference; lastKnownFileType = folder.assetcatalog; path = Assets.xcassets; sourceTree = "<group>"; };
		E9EEFEB527B78ABE00B65CC7 /* Base */ = {isa = PBXFileReference; lastKnownFileType = file.storyboard; name = Base; path = Base.lproj/LaunchScreen.storyboard; sourceTree = "<group>"; };
		E9EEFEB727B78ABE00B65CC7 /* Info.plist */ = {isa = PBXFileReference; lastKnownFileType = text.plist.xml; path = Info.plist; sourceTree = "<group>"; };
/* End PBXFileReference section */

/* Begin PBXFrameworksBuildPhase section */
		E9EEFEA327B78ABC00B65CC7 /* Frameworks */ = {
			isa = PBXFrameworksBuildPhase;
			buildActionMask = 2147483647;
			files = (
				C26E32A03E7841A63D52189F /* Pods_ReactorKit_Rx.framework in Frameworks */,
			);
			runOnlyForDeploymentPostprocessing = 0;
		};
/* End PBXFrameworksBuildPhase section */

/* Begin PBXGroup section */
		108228E1A1AFB9EC4C3D4A53 /* Pods */ = {
			isa = PBXGroup;
			children = (
				1254D100C7537CD29F67B97D /* Pods-ReactorKit-Rx.debug.xcconfig */,
				A1080DC62A25D0814730F125 /* Pods-ReactorKit-Rx.release.xcconfig */,
			);
			path = Pods;
			sourceTree = "<group>";
		};
		5408A44AC7B56D9DF3F75687 /* Frameworks */ = {
			isa = PBXGroup;
			children = (
				3360593C8DF06408ECB1AA0D /* Pods_ReactorKit_Rx.framework */,
			);
			name = Frameworks;
			sourceTree = "<group>";
		};
		E9EEFE9D27B78ABC00B65CC7 = {
			isa = PBXGroup;
			children = (
				E9EEFEA827B78ABC00B65CC7 /* ReactorKit-Rx */,
				E9EEFEA727B78ABC00B65CC7 /* Products */,
				108228E1A1AFB9EC4C3D4A53 /* Pods */,
				5408A44AC7B56D9DF3F75687 /* Frameworks */,
			);
			sourceTree = "<group>";
		};
		E9EEFEA727B78ABC00B65CC7 /* Products */ = {
			isa = PBXGroup;
			children = (
				E9EEFEA627B78ABC00B65CC7 /* ReactorKit-Rx.app */,
			);
			name = Products;
			sourceTree = "<group>";
		};
		E9EEFEA827B78ABC00B65CC7 /* ReactorKit-Rx */ = {
			isa = PBXGroup;
			children = (
				E9EEFEBD27B78B8200B65CC7 /* AppDelegate */,
				E9EEFEBE27B78B8900B65CC7 /* Resources */,
				E9EEFEAD27B78ABC00B65CC7 /* ViewController.swift */,
			);
			path = "ReactorKit-Rx";
			sourceTree = "<group>";
		};
		E9EEFEBD27B78B8200B65CC7 /* AppDelegate */ = {
			isa = PBXGroup;
			children = (
				E9EEFEA927B78ABC00B65CC7 /* AppDelegate.swift */,
				E9EEFEAB27B78ABC00B65CC7 /* SceneDelegate.swift */,
			);
			path = AppDelegate;
			sourceTree = "<group>";
		};
		E9EEFEBE27B78B8900B65CC7 /* Resources */ = {
			isa = PBXGroup;
			children = (
				E9EEFEB727B78ABE00B65CC7 /* Info.plist */,
				E9EEFEAF27B78ABC00B65CC7 /* Main.storyboard */,
				E9EEFEB227B78ABE00B65CC7 /* Assets.xcassets */,
				E9EEFEB427B78ABE00B65CC7 /* LaunchScreen.storyboard */,
			);
			path = Resources;
			sourceTree = "<group>";
		};
/* End PBXGroup section */

/* Begin PBXNativeTarget section */
		E9EEFEA527B78ABC00B65CC7 /* ReactorKit-Rx */ = {
			isa = PBXNativeTarget;
			buildConfigurationList = E9EEFEBA27B78ABE00B65CC7 /* Build configuration list for PBXNativeTarget "ReactorKit-Rx" */;
			buildPhases = (
				9D1DB4A220CCA8138F20608C /* [CP] Check Pods Manifest.lock */,
				E9EEFEA227B78ABC00B65CC7 /* Sources */,
				E9EEFEA327B78ABC00B65CC7 /* Frameworks */,
				E9EEFEA427B78ABC00B65CC7 /* Resources */,
				1092124F9D172F29806762C0 /* [CP] Embed Pods Frameworks */,
			);
			buildRules = (
			);
			dependencies = (
			);
			name = "ReactorKit-Rx";
			productName = "ReactorKit-Rx";
			productReference = E9EEFEA627B78ABC00B65CC7 /* ReactorKit-Rx.app */;
			productType = "com.apple.product-type.application";
		};
/* End PBXNativeTarget section */

/* Begin PBXProject section */
		E9EEFE9E27B78ABC00B65CC7 /* Project object */ = {
			isa = PBXProject;
			attributes = {
				BuildIndependentTargetsInParallel = 1;
				LastSwiftUpdateCheck = 1300;
				LastUpgradeCheck = 1300;
				TargetAttributes = {
					E9EEFEA527B78ABC00B65CC7 = {
						CreatedOnToolsVersion = 13.0;
					};
				};
			};
			buildConfigurationList = E9EEFEA127B78ABC00B65CC7 /* Build configuration list for PBXProject "ReactorKit-Rx" */;
			compatibilityVersion = "Xcode 13.0";
			developmentRegion = en;
			hasScannedForEncodings = 0;
			knownRegions = (
				en,
				Base,
			);
			mainGroup = E9EEFE9D27B78ABC00B65CC7;
			productRefGroup = E9EEFEA727B78ABC00B65CC7 /* Products */;
			projectDirPath = "";
			projectRoot = "";
			targets = (
				E9EEFEA527B78ABC00B65CC7 /* ReactorKit-Rx */,
			);
		};
/* End PBXProject section */

/* Begin PBXResourcesBuildPhase section */
		E9EEFEA427B78ABC00B65CC7 /* Resources */ = {
			isa = PBXResourcesBuildPhase;
			buildActionMask = 2147483647;
			files = (
				E9EEFEB627B78ABE00B65CC7 /* LaunchScreen.storyboard in Resources */,
				E9EEFEB327B78ABE00B65CC7 /* Assets.xcassets in Resources */,
				E9EEFEB127B78ABC00B65CC7 /* Main.storyboard in Resources */,
			);
			runOnlyForDeploymentPostprocessing = 0;
		};
/* End PBXResourcesBuildPhase section */

/* Begin PBXShellScriptBuildPhase section */
		1092124F9D172F29806762C0 /* [CP] Embed Pods Frameworks */ = {
			isa = PBXShellScriptBuildPhase;
			buildActionMask = 2147483647;
			files = (
			);
			inputFileListPaths = (
				"${PODS_ROOT}/Target Support Files/Pods-ReactorKit-Rx/Pods-ReactorKit-Rx-frameworks-${CONFIGURATION}-input-files.xcfilelist",
			);
			name = "[CP] Embed Pods Frameworks";
			outputFileListPaths = (
				"${PODS_ROOT}/Target Support Files/Pods-ReactorKit-Rx/Pods-ReactorKit-Rx-frameworks-${CONFIGURATION}-output-files.xcfilelist",
			);
			runOnlyForDeploymentPostprocessing = 0;
			shellPath = /bin/sh;
			shellScript = "\"${PODS_ROOT}/Target Support Files/Pods-ReactorKit-Rx/Pods-ReactorKit-Rx-frameworks.sh\"\n";
			showEnvVarsInLog = 0;
		};
		9D1DB4A220CCA8138F20608C /* [CP] Check Pods Manifest.lock */ = {
			isa = PBXShellScriptBuildPhase;
			buildActionMask = 2147483647;
			files = (
			);
			inputFileListPaths = (
			);
			inputPaths = (
				"${PODS_PODFILE_DIR_PATH}/Podfile.lock",
				"${PODS_ROOT}/Manifest.lock",
			);
			name = "[CP] Check Pods Manifest.lock";
			outputFileListPaths = (
			);
			outputPaths = (
				"$(DERIVED_FILE_DIR)/Pods-ReactorKit-Rx-checkManifestLockResult.txt",
			);
			runOnlyForDeploymentPostprocessing = 0;
			shellPath = /bin/sh;
			shellScript = "diff \"${PODS_PODFILE_DIR_PATH}/Podfile.lock\" \"${PODS_ROOT}/Manifest.lock\" > /dev/null\nif [ $? != 0 ] ; then\n    # print error to STDERR\n    echo \"error: The sandbox is not in sync with the Podfile.lock. Run 'pod install' or update your CocoaPods installation.\" >&2\n    exit 1\nfi\n# This output is used by Xcode 'outputs' to avoid re-running this script phase.\necho \"SUCCESS\" > \"${SCRIPT_OUTPUT_FILE_0}\"\n";
			showEnvVarsInLog = 0;
		};
/* End PBXShellScriptBuildPhase section */

/* Begin PBXSourcesBuildPhase section */
		E9EEFEA227B78ABC00B65CC7 /* Sources */ = {
			isa = PBXSourcesBuildPhase;
			buildActionMask = 2147483647;
			files = (
				E9EEFEAE27B78ABC00B65CC7 /* ViewController.swift in Sources */,
				E9EEFEAA27B78ABC00B65CC7 /* AppDelegate.swift in Sources */,
				E9EEFEAC27B78ABC00B65CC7 /* SceneDelegate.swift in Sources */,
			);
			runOnlyForDeploymentPostprocessing = 0;
		};
/* End PBXSourcesBuildPhase section */

/* Begin PBXVariantGroup section */
		E9EEFEAF27B78ABC00B65CC7 /* Main.storyboard */ = {
			isa = PBXVariantGroup;
			children = (
				E9EEFEB027B78ABC00B65CC7 /* Base */,
			);
			name = Main.storyboard;
			sourceTree = "<group>";
		};
		E9EEFEB427B78ABE00B65CC7 /* LaunchScreen.storyboard */ = {
			isa = PBXVariantGroup;
			children = (
				E9EEFEB527B78ABE00B65CC7 /* Base */,
			);
			name = LaunchScreen.storyboard;
			sourceTree = "<group>";
		};
/* End PBXVariantGroup section */

/* Begin XCBuildConfiguration section */
		E9EEFEB827B78ABE00B65CC7 /* Debug */ = {
			isa = XCBuildConfiguration;
			buildSettings = {
				ALWAYS_SEARCH_USER_PATHS = NO;
				CLANG_ANALYZER_NONNULL = YES;
				CLANG_ANALYZER_NUMBER_OBJECT_CONVERSION = YES_AGGRESSIVE;
				CLANG_CXX_LANGUAGE_STANDARD = "gnu++17";
				CLANG_CXX_LIBRARY = "libc++";
				CLANG_ENABLE_MODULES = YES;
				CLANG_ENABLE_OBJC_ARC = YES;
				CLANG_ENABLE_OBJC_WEAK = YES;
				CLANG_WARN_BLOCK_CAPTURE_AUTORELEASING = YES;
				CLANG_WARN_BOOL_CONVERSION = YES;
				CLANG_WARN_COMMA = YES;
				CLANG_WARN_CONSTANT_CONVERSION = YES;
				CLANG_WARN_DEPRECATED_OBJC_IMPLEMENTATIONS = YES;
				CLANG_WARN_DIRECT_OBJC_ISA_USAGE = YES_ERROR;
				CLANG_WARN_DOCUMENTATION_COMMENTS = YES;
				CLANG_WARN_EMPTY_BODY = YES;
				CLANG_WARN_ENUM_CONVERSION = YES;
				CLANG_WARN_INFINITE_RECURSION = YES;
				CLANG_WARN_INT_CONVERSION = YES;
				CLANG_WARN_NON_LITERAL_NULL_CONVERSION = YES;
				CLANG_WARN_OBJC_IMPLICIT_RETAIN_SELF = YES;
				CLANG_WARN_OBJC_LITERAL_CONVERSION = YES;
				CLANG_WARN_OBJC_ROOT_CLASS = YES_ERROR;
				CLANG_WARN_QUOTED_INCLUDE_IN_FRAMEWORK_HEADER = YES;
				CLANG_WARN_RANGE_LOOP_ANALYSIS = YES;
				CLANG_WARN_STRICT_PROTOTYPES = YES;
				CLANG_WARN_SUSPICIOUS_MOVE = YES;
				CLANG_WARN_UNGUARDED_AVAILABILITY = YES_AGGRESSIVE;
				CLANG_WARN_UNREACHABLE_CODE = YES;
				CLANG_WARN__DUPLICATE_METHOD_MATCH = YES;
				COPY_PHASE_STRIP = NO;
				DEBUG_INFORMATION_FORMAT = dwarf;
				ENABLE_STRICT_OBJC_MSGSEND = YES;
				ENABLE_TESTABILITY = YES;
				GCC_C_LANGUAGE_STANDARD = gnu11;
				GCC_DYNAMIC_NO_PIC = NO;
				GCC_NO_COMMON_BLOCKS = YES;
				GCC_OPTIMIZATION_LEVEL = 0;
				GCC_PREPROCESSOR_DEFINITIONS = (
					"DEBUG=1",
					"$(inherited)",
				);
				GCC_WARN_64_TO_32_BIT_CONVERSION = YES;
				GCC_WARN_ABOUT_RETURN_TYPE = YES_ERROR;
				GCC_WARN_UNDECLARED_SELECTOR = YES;
				GCC_WARN_UNINITIALIZED_AUTOS = YES_AGGRESSIVE;
				GCC_WARN_UNUSED_FUNCTION = YES;
				GCC_WARN_UNUSED_VARIABLE = YES;
				IPHONEOS_DEPLOYMENT_TARGET = 15.0;
				MTL_ENABLE_DEBUG_INFO = INCLUDE_SOURCE;
				MTL_FAST_MATH = YES;
				ONLY_ACTIVE_ARCH = YES;
				SDKROOT = iphoneos;
				SWIFT_ACTIVE_COMPILATION_CONDITIONS = DEBUG;
				SWIFT_OPTIMIZATION_LEVEL = "-Onone";
			};
			name = Debug;
		};
		E9EEFEB927B78ABE00B65CC7 /* Release */ = {
			isa = XCBuildConfiguration;
			buildSettings = {
				ALWAYS_SEARCH_USER_PATHS = NO;
				CLANG_ANALYZER_NONNULL = YES;
				CLANG_ANALYZER_NUMBER_OBJECT_CONVERSION = YES_AGGRESSIVE;
				CLANG_CXX_LANGUAGE_STANDARD = "gnu++17";
				CLANG_CXX_LIBRARY = "libc++";
				CLANG_ENABLE_MODULES = YES;
				CLANG_ENABLE_OBJC_ARC = YES;
				CLANG_ENABLE_OBJC_WEAK = YES;
				CLANG_WARN_BLOCK_CAPTURE_AUTORELEASING = YES;
				CLANG_WARN_BOOL_CONVERSION = YES;
				CLANG_WARN_COMMA = YES;
				CLANG_WARN_CONSTANT_CONVERSION = YES;
				CLANG_WARN_DEPRECATED_OBJC_IMPLEMENTATIONS = YES;
				CLANG_WARN_DIRECT_OBJC_ISA_USAGE = YES_ERROR;
				CLANG_WARN_DOCUMENTATION_COMMENTS = YES;
				CLANG_WARN_EMPTY_BODY = YES;
				CLANG_WARN_ENUM_CONVERSION = YES;
				CLANG_WARN_INFINITE_RECURSION = YES;
				CLANG_WARN_INT_CONVERSION = YES;
				CLANG_WARN_NON_LITERAL_NULL_CONVERSION = YES;
				CLANG_WARN_OBJC_IMPLICIT_RETAIN_SELF = YES;
				CLANG_WARN_OBJC_LITERAL_CONVERSION = YES;
				CLANG_WARN_OBJC_ROOT_CLASS = YES_ERROR;
				CLANG_WARN_QUOTED_INCLUDE_IN_FRAMEWORK_HEADER = YES;
				CLANG_WARN_RANGE_LOOP_ANALYSIS = YES;
				CLANG_WARN_STRICT_PROTOTYPES = YES;
				CLANG_WARN_SUSPICIOUS_MOVE = YES;
				CLANG_WARN_UNGUARDED_AVAILABILITY = YES_AGGRESSIVE;
				CLANG_WARN_UNREACHABLE_CODE = YES;
				CLANG_WARN__DUPLICATE_METHOD_MATCH = YES;
				COPY_PHASE_STRIP = NO;
				DEBUG_INFORMATION_FORMAT = "dwarf-with-dsym";
				ENABLE_NS_ASSERTIONS = NO;
				ENABLE_STRICT_OBJC_MSGSEND = YES;
				GCC_C_LANGUAGE_STANDARD = gnu11;
				GCC_NO_COMMON_BLOCKS = YES;
				GCC_WARN_64_TO_32_BIT_CONVERSION = YES;
				GCC_WARN_ABOUT_RETURN_TYPE = YES_ERROR;
				GCC_WARN_UNDECLARED_SELECTOR = YES;
				GCC_WARN_UNINITIALIZED_AUTOS = YES_AGGRESSIVE;
				GCC_WARN_UNUSED_FUNCTION = YES;
				GCC_WARN_UNUSED_VARIABLE = YES;
				IPHONEOS_DEPLOYMENT_TARGET = 15.0;
				MTL_ENABLE_DEBUG_INFO = NO;
				MTL_FAST_MATH = YES;
				SDKROOT = iphoneos;
				SWIFT_COMPILATION_MODE = wholemodule;
				SWIFT_OPTIMIZATION_LEVEL = "-O";
				VALIDATE_PRODUCT = YES;
			};
			name = Release;
		};
		E9EEFEBB27B78ABE00B65CC7 /* Debug */ = {
			isa = XCBuildConfiguration;
			baseConfigurationReference = 1254D100C7537CD29F67B97D /* Pods-ReactorKit-Rx.debug.xcconfig */;
			buildSettings = {
				ASSETCATALOG_COMPILER_APPICON_NAME = AppIcon;
				ASSETCATALOG_COMPILER_GLOBAL_ACCENT_COLOR_NAME = AccentColor;
				CODE_SIGN_STYLE = Automatic;
				CURRENT_PROJECT_VERSION = 1;
				DEVELOPMENT_TEAM = DRL89Y339X;
				GENERATE_INFOPLIST_FILE = YES;
				INFOPLIST_FILE = "ReactorKit-Rx/Resources/Info.plist";
				INFOPLIST_KEY_UIApplicationSupportsIndirectInputEvents = YES;
				INFOPLIST_KEY_UILaunchStoryboardName = LaunchScreen;
				INFOPLIST_KEY_UIMainStoryboardFile = Main;
				INFOPLIST_KEY_UISupportedInterfaceOrientations_iPad = "UIInterfaceOrientationPortrait UIInterfaceOrientationPortraitUpsideDown UIInterfaceOrientationLandscapeLeft UIInterfaceOrientationLandscapeRight";
				INFOPLIST_KEY_UISupportedInterfaceOrientations_iPhone = "UIInterfaceOrientationPortrait UIInterfaceOrientationLandscapeLeft UIInterfaceOrientationLandscapeRight";
				LD_RUNPATH_SEARCH_PATHS = (
					"$(inherited)",
					"@executable_path/Frameworks",
				);
				MARKETING_VERSION = 1.0;
				PRODUCT_BUNDLE_IDENTIFIER = "com.swpark.ReactorKit-Rx";
				PRODUCT_NAME = "$(TARGET_NAME)";
				SWIFT_EMIT_LOC_STRINGS = YES;
				SWIFT_VERSION = 5.0;
				TARGETED_DEVICE_FAMILY = "1,2";
			};
			name = Debug;
		};
		E9EEFEBC27B78ABE00B65CC7 /* Release */ = {
			isa = XCBuildConfiguration;
			baseConfigurationReference = A1080DC62A25D0814730F125 /* Pods-ReactorKit-Rx.release.xcconfig */;
			buildSettings = {
				ASSETCATALOG_COMPILER_APPICON_NAME = AppIcon;
				ASSETCATALOG_COMPILER_GLOBAL_ACCENT_COLOR_NAME = AccentColor;
				CODE_SIGN_STYLE = Automatic;
				CURRENT_PROJECT_VERSION = 1;
				DEVELOPMENT_TEAM = DRL89Y339X;
				GENERATE_INFOPLIST_FILE = YES;
				INFOPLIST_FILE = "ReactorKit-Rx/Resources/Info.plist";
				INFOPLIST_KEY_UIApplicationSupportsIndirectInputEvents = YES;
				INFOPLIST_KEY_UILaunchStoryboardName = LaunchScreen;
				INFOPLIST_KEY_UIMainStoryboardFile = Main;
				INFOPLIST_KEY_UISupportedInterfaceOrientations_iPad = "UIInterfaceOrientationPortrait UIInterfaceOrientationPortraitUpsideDown UIInterfaceOrientationLandscapeLeft UIInterfaceOrientationLandscapeRight";
				INFOPLIST_KEY_UISupportedInterfaceOrientations_iPhone = "UIInterfaceOrientationPortrait UIInterfaceOrientationLandscapeLeft UIInterfaceOrientationLandscapeRight";
				LD_RUNPATH_SEARCH_PATHS = (
					"$(inherited)",
					"@executable_path/Frameworks",
				);
				MARKETING_VERSION = 1.0;
				PRODUCT_BUNDLE_IDENTIFIER = "com.swpark.ReactorKit-Rx";
				PRODUCT_NAME = "$(TARGET_NAME)";
				SWIFT_EMIT_LOC_STRINGS = YES;
				SWIFT_VERSION = 5.0;
				TARGETED_DEVICE_FAMILY = "1,2";
			};
			name = Release;
		};
/* End XCBuildConfiguration section */

/* Begin XCConfigurationList section */
		E9EEFEA127B78ABC00B65CC7 /* Build configuration list for PBXProject "ReactorKit-Rx" */ = {
			isa = XCConfigurationList;
			buildConfigurations = (
				E9EEFEB827B78ABE00B65CC7 /* Debug */,
				E9EEFEB927B78ABE00B65CC7 /* Release */,
			);
			defaultConfigurationIsVisible = 0;
			defaultConfigurationName = Release;
		};
		E9EEFEBA27B78ABE00B65CC7 /* Build configuration list for PBXNativeTarget "ReactorKit-Rx" */ = {
			isa = XCConfigurationList;
			buildConfigurations = (
				E9EEFEBB27B78ABE00B65CC7 /* Debug */,
				E9EEFEBC27B78ABE00B65CC7 /* Release */,
			);
			defaultConfigurationIsVisible = 0;
			defaultConfigurationName = Release;
		};
/* End XCConfigurationList section */
	};
	rootObject = E9EEFE9E27B78ABC00B65CC7 /* Project object */;
}
