// !$*UTF8*$!
{
	archiveVersion = 1;
	classes = {
	};
	objectVersion = 55;
	objects = {

/* Begin PBXBuildFile section */
		4DAF6CE8C9993B8E45C563A0 /* Pods_ReactorKit_Rx2.framework in Frameworks */ = {isa = PBXBuildFile; fileRef = CEB29C62BE4C65B1822BABA7 /* Pods_ReactorKit_Rx2.framework */; };
		E9F43BD227BA339800B774B6 /* AppDelegate.swift in Sources */ = {isa = PBXBuildFile; fileRef = E9F43BD127BA339800B774B6 /* AppDelegate.swift */; };
		E9F43BD427BA339800B774B6 /* SceneDelegate.swift in Sources */ = {isa = PBXBuildFile; fileRef = E9F43BD327BA339800B774B6 /* SceneDelegate.swift */; };
		E9F43BD627BA339800B774B6 /* ViewController.swift in Sources */ = {isa = PBXBuildFile; fileRef = E9F43BD527BA339800B774B6 /* ViewController.swift */; };
		E9F43BD927BA339800B774B6 /* Main.storyboard in Resources */ = {isa = PBXBuildFile; fileRef = E9F43BD727BA339800B774B6 /* Main.storyboard */; };
		E9F43BDB27BA339A00B774B6 /* Assets.xcassets in Resources */ = {isa = PBXBuildFile; fileRef = E9F43BDA27BA339A00B774B6 /* Assets.xcassets */; };
		E9F43BDE27BA339A00B774B6 /* LaunchScreen.storyboard in Resources */ = {isa = PBXBuildFile; fileRef = E9F43BDC27BA339A00B774B6 /* LaunchScreen.storyboard */; };
/* End PBXBuildFile section */

/* Begin PBXFileReference section */
		07FAE74AC2D0699CC867DF9C /* Pods-ReactorKit-Rx2.debug.xcconfig */ = {isa = PBXFileReference; includeInIndex = 1; lastKnownFileType = text.xcconfig; name = "Pods-ReactorKit-Rx2.debug.xcconfig"; path = "Target Support Files/Pods-ReactorKit-Rx2/Pods-ReactorKit-Rx2.debug.xcconfig"; sourceTree = "<group>"; };
		CEB29C62BE4C65B1822BABA7 /* Pods_ReactorKit_Rx2.framework */ = {isa = PBXFileReference; explicitFileType = wrapper.framework; includeInIndex = 0; path = Pods_ReactorKit_Rx2.framework; sourceTree = BUILT_PRODUCTS_DIR; };
		E9F43BCE27BA339800B774B6 /* ReactorKit-Rx2.app */ = {isa = PBXFileReference; explicitFileType = wrapper.application; includeInIndex = 0; path = "ReactorKit-Rx2.app"; sourceTree = BUILT_PRODUCTS_DIR; };
		E9F43BD127BA339800B774B6 /* AppDelegate.swift */ = {isa = PBXFileReference; lastKnownFileType = sourcecode.swift; path = AppDelegate.swift; sourceTree = "<group>"; };
		E9F43BD327BA339800B774B6 /* SceneDelegate.swift */ = {isa = PBXFileReference; lastKnownFileType = sourcecode.swift; path = SceneDelegate.swift; sourceTree = "<group>"; };
		E9F43BD527BA339800B774B6 /* ViewController.swift */ = {isa = PBXFileReference; lastKnownFileType = sourcecode.swift; path = ViewController.swift; sourceTree = "<group>"; };
		E9F43BD827BA339800B774B6 /* Base */ = {isa = PBXFileReference; lastKnownFileType = file.storyboard; name = Base; path = Base.lproj/Main.storyboard; sourceTree = "<group>"; };
		E9F43BDA27BA339A00B774B6 /* Assets.xcassets */ = {isa = PBXFileReference; lastKnownFileType = folder.assetcatalog; path = Assets.xcassets; sourceTree = "<group>"; };
		E9F43BDD27BA339A00B774B6 /* Base */ = {isa = PBXFileReference; lastKnownFileType = file.storyboard; name = Base; path = Base.lproj/LaunchScreen.storyboard; sourceTree = "<group>"; };
		E9F43BDF27BA339A00B774B6 /* Info.plist */ = {isa = PBXFileReference; lastKnownFileType = text.plist.xml; path = Info.plist; sourceTree = "<group>"; };
		F0EFB68B391FE9CA2A0E99CC /* Pods-ReactorKit-Rx2.release.xcconfig */ = {isa = PBXFileReference; includeInIndex = 1; lastKnownFileType = text.xcconfig; name = "Pods-ReactorKit-Rx2.release.xcconfig"; path = "Target Support Files/Pods-ReactorKit-Rx2/Pods-ReactorKit-Rx2.release.xcconfig"; sourceTree = "<group>"; };
/* End PBXFileReference section */

/* Begin PBXFrameworksBuildPhase section */
		E9F43BCB27BA339800B774B6 /* Frameworks */ = {
			isa = PBXFrameworksBuildPhase;
			buildActionMask = 2147483647;
			files = (
				4DAF6CE8C9993B8E45C563A0 /* Pods_ReactorKit_Rx2.framework in Frameworks */,
			);
			runOnlyForDeploymentPostprocessing = 0;
		};
/* End PBXFrameworksBuildPhase section */

/* Begin PBXGroup section */
		670FD9CF0615ED91D61C40E2 /* Pods */ = {
			isa = PBXGroup;
			children = (
				07FAE74AC2D0699CC867DF9C /* Pods-ReactorKit-Rx2.debug.xcconfig */,
				F0EFB68B391FE9CA2A0E99CC /* Pods-ReactorKit-Rx2.release.xcconfig */,
			);
			name = Pods;
			path = Pods;
			sourceTree = "<group>";
		};
		8D6EA768B68AE4A1A010B615 /* Frameworks */ = {
			isa = PBXGroup;
			children = (
				CEB29C62BE4C65B1822BABA7 /* Pods_ReactorKit_Rx2.framework */,
			);
			name = Frameworks;
			sourceTree = "<group>";
		};
		E9F43BC527BA339800B774B6 = {
			isa = PBXGroup;
			children = (
				E9F43BD027BA339800B774B6 /* ReactorKit-Rx2 */,
				E9F43BCF27BA339800B774B6 /* Products */,
				670FD9CF0615ED91D61C40E2 /* Pods */,
				8D6EA768B68AE4A1A010B615 /* Frameworks */,
			);
			sourceTree = "<group>";
		};
		E9F43BCF27BA339800B774B6 /* Products */ = {
			isa = PBXGroup;
			children = (
				E9F43BCE27BA339800B774B6 /* ReactorKit-Rx2.app */,
			);
			name = Products;
			sourceTree = "<group>";
		};
		E9F43BD027BA339800B774B6 /* ReactorKit-Rx2 */ = {
			isa = PBXGroup;
			children = (
				E9F43BE527BA33A100B774B6 /* AppDelegate */,
				E9F43BE627BA33A700B774B6 /* Resources */,
				E9F43BD527BA339800B774B6 /* ViewController.swift */,
			);
			path = "ReactorKit-Rx2";
			sourceTree = "<group>";
		};
		E9F43BE527BA33A100B774B6 /* AppDelegate */ = {
			isa = PBXGroup;
			children = (
				E9F43BD127BA339800B774B6 /* AppDelegate.swift */,
				E9F43BD327BA339800B774B6 /* SceneDelegate.swift */,
			);
			path = AppDelegate;
			sourceTree = "<group>";
		};
		E9F43BE627BA33A700B774B6 /* Resources */ = {
			isa = PBXGroup;
			children = (
				E9F43BD727BA339800B774B6 /* Main.storyboard */,
				E9F43BDA27BA339A00B774B6 /* Assets.xcassets */,
				E9F43BDC27BA339A00B774B6 /* LaunchScreen.storyboard */,
				E9F43BDF27BA339A00B774B6 /* Info.plist */,
			);
			path = Resources;
			sourceTree = "<group>";
		};
/* End PBXGroup section */

/* Begin PBXNativeTarget section */
		E9F43BCD27BA339800B774B6 /* ReactorKit-Rx2 */ = {
			isa = PBXNativeTarget;
			buildConfigurationList = E9F43BE227BA339A00B774B6 /* Build configuration list for PBXNativeTarget "ReactorKit-Rx2" */;
			buildPhases = (
				ABB5D3A66DE2F33792D4DF40 /* [CP] Check Pods Manifest.lock */,
				E9F43BCA27BA339800B774B6 /* Sources */,
				E9F43BCB27BA339800B774B6 /* Frameworks */,
				E9F43BCC27BA339800B774B6 /* Resources */,
				7DA4F05C652952E3502B619B /* [CP] Embed Pods Frameworks */,
			);
			buildRules = (
			);
			dependencies = (
			);
			name = "ReactorKit-Rx2";
			productName = "ReactorKit-Rx2";
			productReference = E9F43BCE27BA339800B774B6 /* ReactorKit-Rx2.app */;
			productType = "com.apple.product-type.application";
		};
/* End PBXNativeTarget section */

/* Begin PBXProject section */
		E9F43BC627BA339800B774B6 /* Project object */ = {
			isa = PBXProject;
			attributes = {
				BuildIndependentTargetsInParallel = 1;
				LastSwiftUpdateCheck = 1300;
				LastUpgradeCheck = 1300;
				TargetAttributes = {
					E9F43BCD27BA339800B774B6 = {
						CreatedOnToolsVersion = 13.0;
					};
				};
			};
			buildConfigurationList = E9F43BC927BA339800B774B6 /* Build configuration list for PBXProject "ReactorKit-Rx2" */;
			compatibilityVersion = "Xcode 13.0";
			developmentRegion = en;
			hasScannedForEncodings = 0;
			knownRegions = (
				en,
				Base,
			);
			mainGroup = E9F43BC527BA339800B774B6;
			productRefGroup = E9F43BCF27BA339800B774B6 /* Products */;
			projectDirPath = "";
			projectRoot = "";
			targets = (
				E9F43BCD27BA339800B774B6 /* ReactorKit-Rx2 */,
			);
		};
/* End PBXProject section */

/* Begin PBXResourcesBuildPhase section */
		E9F43BCC27BA339800B774B6 /* Resources */ = {
			isa = PBXResourcesBuildPhase;
			buildActionMask = 2147483647;
			files = (
				E9F43BDE27BA339A00B774B6 /* LaunchScreen.storyboard in Resources */,
				E9F43BDB27BA339A00B774B6 /* Assets.xcassets in Resources */,
				E9F43BD927BA339800B774B6 /* Main.storyboard in Resources */,
			);
			runOnlyForDeploymentPostprocessing = 0;
		};
/* End PBXResourcesBuildPhase section */

/* Begin PBXShellScriptBuildPhase section */
		7DA4F05C652952E3502B619B /* [CP] Embed Pods Frameworks */ = {
			isa = PBXShellScriptBuildPhase;
			buildActionMask = 2147483647;
			files = (
			);
			inputFileListPaths = (
				"${PODS_ROOT}/Target Support Files/Pods-ReactorKit-Rx2/Pods-ReactorKit-Rx2-frameworks-${CONFIGURATION}-input-files.xcfilelist",
			);
			name = "[CP] Embed Pods Frameworks";
			outputFileListPaths = (
				"${PODS_ROOT}/Target Support Files/Pods-ReactorKit-Rx2/Pods-ReactorKit-Rx2-frameworks-${CONFIGURATION}-output-files.xcfilelist",
			);
			runOnlyForDeploymentPostprocessing = 0;
			shellPath = /bin/sh;
			shellScript = "\"${PODS_ROOT}/Target Support Files/Pods-ReactorKit-Rx2/Pods-ReactorKit-Rx2-frameworks.sh\"\n";
			showEnvVarsInLog = 0;
		};
		ABB5D3A66DE2F33792D4DF40 /* [CP] Check Pods Manifest.lock */ = {
			isa = PBXShellScriptBuildPhase;
			buildActionMask = 2147483647;
			files = (
			);
			inputFileListPaths = (
			);
			inputPaths = (
				"${PODS_PODFILE_DIR_PATH}/Podfile.lock",
				"${PODS_ROOT}/Manifest.lock",
			);
			name = "[CP] Check Pods Manifest.lock";
			outputFileListPaths = (
			);
			outputPaths = (
				"$(DERIVED_FILE_DIR)/Pods-ReactorKit-Rx2-checkManifestLockResult.txt",
			);
			runOnlyForDeploymentPostprocessing = 0;
			shellPath = /bin/sh;
			shellScript = "diff \"${PODS_PODFILE_DIR_PATH}/Podfile.lock\" \"${PODS_ROOT}/Manifest.lock\" > /dev/null\nif [ $? != 0 ] ; then\n    # print error to STDERR\n    echo \"error: The sandbox is not in sync with the Podfile.lock. Run 'pod install' or update your CocoaPods installation.\" >&2\n    exit 1\nfi\n# This output is used by Xcode 'outputs' to avoid re-running this script phase.\necho \"SUCCESS\" > \"${SCRIPT_OUTPUT_FILE_0}\"\n";
			showEnvVarsInLog = 0;
		};
/* End PBXShellScriptBuildPhase section */

/* Begin PBXSourcesBuildPhase section */
		E9F43BCA27BA339800B774B6 /* Sources */ = {
			isa = PBXSourcesBuildPhase;
			buildActionMask = 2147483647;
			files = (
				E9F43BD627BA339800B774B6 /* ViewController.swift in Sources */,
				E9F43BD227BA339800B774B6 /* AppDelegate.swift in Sources */,
				E9F43BD427BA339800B774B6 /* SceneDelegate.swift in Sources */,
			);
			runOnlyForDeploymentPostprocessing = 0;
		};
/* End PBXSourcesBuildPhase section */

/* Begin PBXVariantGroup section */
		E9F43BD727BA339800B774B6 /* Main.storyboard */ = {
			isa = PBXVariantGroup;
			children = (
				E9F43BD827BA339800B774B6 /* Base */,
			);
			name = Main.storyboard;
			sourceTree = "<group>";
		};
		E9F43BDC27BA339A00B774B6 /* LaunchScreen.storyboard */ = {
			isa = PBXVariantGroup;
			children = (
				E9F43BDD27BA339A00B774B6 /* Base */,
			);
			name = LaunchScreen.storyboard;
			sourceTree = "<group>";
		};
/* End PBXVariantGroup section */

/* Begin XCBuildConfiguration section */
		E9F43BE027BA339A00B774B6 /* Debug */ = {
			isa = XCBuildConfiguration;
			buildSettings = {
				ALWAYS_SEARCH_USER_PATHS = NO;
				CLANG_ANALYZER_NONNULL = YES;
				CLANG_ANALYZER_NUMBER_OBJECT_CONVERSION = YES_AGGRESSIVE;
				CLANG_CXX_LANGUAGE_STANDARD = "gnu++17";
				CLANG_CXX_LIBRARY = "libc++";
				CLANG_ENABLE_MODULES = YES;
				CLANG_ENABLE_OBJC_ARC = YES;
				CLANG_ENABLE_OBJC_WEAK = YES;
				CLANG_WARN_BLOCK_CAPTURE_AUTORELEASING = YES;
				CLANG_WARN_BOOL_CONVERSION = YES;
				CLANG_WARN_COMMA = YES;
				CLANG_WARN_CONSTANT_CONVERSION = YES;
				CLANG_WARN_DEPRECATED_OBJC_IMPLEMENTATIONS = YES;
				CLANG_WARN_DIRECT_OBJC_ISA_USAGE = YES_ERROR;
				CLANG_WARN_DOCUMENTATION_COMMENTS = YES;
				CLANG_WARN_EMPTY_BODY = YES;
				CLANG_WARN_ENUM_CONVERSION = YES;
				CLANG_WARN_INFINITE_RECURSION = YES;
				CLANG_WARN_INT_CONVERSION = YES;
				CLANG_WARN_NON_LITERAL_NULL_CONVERSION = YES;
				CLANG_WARN_OBJC_IMPLICIT_RETAIN_SELF = YES;
				CLANG_WARN_OBJC_LITERAL_CONVERSION = YES;
				CLANG_WARN_OBJC_ROOT_CLASS = YES_ERROR;
				CLANG_WARN_QUOTED_INCLUDE_IN_FRAMEWORK_HEADER = YES;
				CLANG_WARN_RANGE_LOOP_ANALYSIS = YES;
				CLANG_WARN_STRICT_PROTOTYPES = YES;
				CLANG_WARN_SUSPICIOUS_MOVE = YES;
				CLANG_WARN_UNGUARDED_AVAILABILITY = YES_AGGRESSIVE;
				CLANG_WARN_UNREACHABLE_CODE = YES;
				CLANG_WARN__DUPLICATE_METHOD_MATCH = YES;
				COPY_PHASE_STRIP = NO;
				DEBUG_INFORMATION_FORMAT = dwarf;
				ENABLE_STRICT_OBJC_MSGSEND = YES;
				ENABLE_TESTABILITY = YES;
				GCC_C_LANGUAGE_STANDARD = gnu11;
				GCC_DYNAMIC_NO_PIC = NO;
				GCC_NO_COMMON_BLOCKS = YES;
				GCC_OPTIMIZATION_LEVEL = 0;
				GCC_PREPROCESSOR_DEFINITIONS = (
					"DEBUG=1",
					"$(inherited)",
				);
				GCC_WARN_64_TO_32_BIT_CONVERSION = YES;
				GCC_WARN_ABOUT_RETURN_TYPE = YES_ERROR;
				GCC_WARN_UNDECLARED_SELECTOR = YES;
				GCC_WARN_UNINITIALIZED_AUTOS = YES_AGGRESSIVE;
				GCC_WARN_UNUSED_FUNCTION = YES;
				GCC_WARN_UNUSED_VARIABLE = YES;
				IPHONEOS_DEPLOYMENT_TARGET = 15.0;
				MTL_ENABLE_DEBUG_INFO = INCLUDE_SOURCE;
				MTL_FAST_MATH = YES;
				ONLY_ACTIVE_ARCH = YES;
				SDKROOT = iphoneos;
				SWIFT_ACTIVE_COMPILATION_CONDITIONS = DEBUG;
				SWIFT_OPTIMIZATION_LEVEL = "-Onone";
			};
			name = Debug;
		};
		E9F43BE127BA339A00B774B6 /* Release */ = {
			isa = XCBuildConfiguration;
			buildSettings = {
				ALWAYS_SEARCH_USER_PATHS = NO;
				CLANG_ANALYZER_NONNULL = YES;
				CLANG_ANALYZER_NUMBER_OBJECT_CONVERSION = YES_AGGRESSIVE;
				CLANG_CXX_LANGUAGE_STANDARD = "gnu++17";
				CLANG_CXX_LIBRARY = "libc++";
				CLANG_ENABLE_MODULES = YES;
				CLANG_ENABLE_OBJC_ARC = YES;
				CLANG_ENABLE_OBJC_WEAK = YES;
				CLANG_WARN_BLOCK_CAPTURE_AUTORELEASING = YES;
				CLANG_WARN_BOOL_CONVERSION = YES;
				CLANG_WARN_COMMA = YES;
				CLANG_WARN_CONSTANT_CONVERSION = YES;
				CLANG_WARN_DEPRECATED_OBJC_IMPLEMENTATIONS = YES;
				CLANG_WARN_DIRECT_OBJC_ISA_USAGE = YES_ERROR;
				CLANG_WARN_DOCUMENTATION_COMMENTS = YES;
				CLANG_WARN_EMPTY_BODY = YES;
				CLANG_WARN_ENUM_CONVERSION = YES;
				CLANG_WARN_INFINITE_RECURSION = YES;
				CLANG_WARN_INT_CONVERSION = YES;
				CLANG_WARN_NON_LITERAL_NULL_CONVERSION = YES;
				CLANG_WARN_OBJC_IMPLICIT_RETAIN_SELF = YES;
				CLANG_WARN_OBJC_LITERAL_CONVERSION = YES;
				CLANG_WARN_OBJC_ROOT_CLASS = YES_ERROR;
				CLANG_WARN_QUOTED_INCLUDE_IN_FRAMEWORK_HEADER = YES;
				CLANG_WARN_RANGE_LOOP_ANALYSIS = YES;
				CLANG_WARN_STRICT_PROTOTYPES = YES;
				CLANG_WARN_SUSPICIOUS_MOVE = YES;
				CLANG_WARN_UNGUARDED_AVAILABILITY = YES_AGGRESSIVE;
				CLANG_WARN_UNREACHABLE_CODE = YES;
				CLANG_WARN__DUPLICATE_METHOD_MATCH = YES;
				COPY_PHASE_STRIP = NO;
				DEBUG_INFORMATION_FORMAT = "dwarf-with-dsym";
				ENABLE_NS_ASSERTIONS = NO;
				ENABLE_STRICT_OBJC_MSGSEND = YES;
				GCC_C_LANGUAGE_STANDARD = gnu11;
				GCC_NO_COMMON_BLOCKS = YES;
				GCC_WARN_64_TO_32_BIT_CONVERSION = YES;
				GCC_WARN_ABOUT_RETURN_TYPE = YES_ERROR;
				GCC_WARN_UNDECLARED_SELECTOR = YES;
				GCC_WARN_UNINITIALIZED_AUTOS = YES_AGGRESSIVE;
				GCC_WARN_UNUSED_FUNCTION = YES;
				GCC_WARN_UNUSED_VARIABLE = YES;
				IPHONEOS_DEPLOYMENT_TARGET = 15.0;
				MTL_ENABLE_DEBUG_INFO = NO;
				MTL_FAST_MATH = YES;
				SDKROOT = iphoneos;
				SWIFT_COMPILATION_MODE = wholemodule;
				SWIFT_OPTIMIZATION_LEVEL = "-O";
				VALIDATE_PRODUCT = YES;
			};
			name = Release;
		};
		E9F43BE327BA339A00B774B6 /* Debug */ = {
			isa = XCBuildConfiguration;
			baseConfigurationReference = 07FAE74AC2D0699CC867DF9C /* Pods-ReactorKit-Rx2.debug.xcconfig */;
			buildSettings = {
				ASSETCATALOG_COMPILER_APPICON_NAME = AppIcon;
				ASSETCATALOG_COMPILER_GLOBAL_ACCENT_COLOR_NAME = AccentColor;
				CODE_SIGN_STYLE = Automatic;
				CURRENT_PROJECT_VERSION = 1;
				DEVELOPMENT_TEAM = DRL89Y339X;
				GENERATE_INFOPLIST_FILE = YES;
				INFOPLIST_FILE = "ReactorKit-Rx2/Resources/Info.plist";
				INFOPLIST_KEY_UIApplicationSupportsIndirectInputEvents = YES;
				INFOPLIST_KEY_UILaunchStoryboardName = LaunchScreen;
				INFOPLIST_KEY_UIMainStoryboardFile = Main;
				INFOPLIST_KEY_UISupportedInterfaceOrientations_iPad = "UIInterfaceOrientationPortrait UIInterfaceOrientationPortraitUpsideDown UIInterfaceOrientationLandscapeLeft UIInterfaceOrientationLandscapeRight";
				INFOPLIST_KEY_UISupportedInterfaceOrientations_iPhone = "UIInterfaceOrientationPortrait UIInterfaceOrientationLandscapeLeft UIInterfaceOrientationLandscapeRight";
				LD_RUNPATH_SEARCH_PATHS = (
					"$(inherited)",
					"@executable_path/Frameworks",
				);
				MARKETING_VERSION = 1.0;
				PRODUCT_BUNDLE_IDENTIFIER = "com.swpark.ReactorKit-Rx2";
				PRODUCT_NAME = "$(TARGET_NAME)";
				SWIFT_EMIT_LOC_STRINGS = YES;
				SWIFT_VERSION = 5.0;
				TARGETED_DEVICE_FAMILY = "1,2";
			};
			name = Debug;
		};
		E9F43BE427BA339A00B774B6 /* Release */ = {
			isa = XCBuildConfiguration;
			baseConfigurationReference = F0EFB68B391FE9CA2A0E99CC /* Pods-ReactorKit-Rx2.release.xcconfig */;
			buildSettings = {
				ASSETCATALOG_COMPILER_APPICON_NAME = AppIcon;
				ASSETCATALOG_COMPILER_GLOBAL_ACCENT_COLOR_NAME = AccentColor;
				CODE_SIGN_STYLE = Automatic;
				CURRENT_PROJECT_VERSION = 1;
				DEVELOPMENT_TEAM = DRL89Y339X;
				GENERATE_INFOPLIST_FILE = YES;
				INFOPLIST_FILE = "ReactorKit-Rx2/Resources/Info.plist";
				INFOPLIST_KEY_UIApplicationSupportsIndirectInputEvents = YES;
				INFOPLIST_KEY_UILaunchStoryboardName = LaunchScreen;
				INFOPLIST_KEY_UIMainStoryboardFile = Main;
				INFOPLIST_KEY_UISupportedInterfaceOrientations_iPad = "UIInterfaceOrientationPortrait UIInterfaceOrientationPortraitUpsideDown UIInterfaceOrientationLandscapeLeft UIInterfaceOrientationLandscapeRight";
				INFOPLIST_KEY_UISupportedInterfaceOrientations_iPhone = "UIInterfaceOrientationPortrait UIInterfaceOrientationLandscapeLeft UIInterfaceOrientationLandscapeRight";
				LD_RUNPATH_SEARCH_PATHS = (
					"$(inherited)",
					"@executable_path/Frameworks",
				);
				MARKETING_VERSION = 1.0;
				PRODUCT_BUNDLE_IDENTIFIER = "com.swpark.ReactorKit-Rx2";
				PRODUCT_NAME = "$(TARGET_NAME)";
				SWIFT_EMIT_LOC_STRINGS = YES;
				SWIFT_VERSION = 5.0;
				TARGETED_DEVICE_FAMILY = "1,2";
			};
			name = Release;
		};
/* End XCBuildConfiguration section */

/* Begin XCConfigurationList section */
		E9F43BC927BA339800B774B6 /* Build configuration list for PBXProject "ReactorKit-Rx2" */ = {
			isa = XCConfigurationList;
			buildConfigurations = (
				E9F43BE027BA339A00B774B6 /* Debug */,
				E9F43BE127BA339A00B774B6 /* Release */,
			);
			defaultConfigurationIsVisible = 0;
			defaultConfigurationName = Release;
		};
		E9F43BE227BA339A00B774B6 /* Build configuration list for PBXNativeTarget "ReactorKit-Rx2" */ = {
			isa = XCConfigurationList;
			buildConfigurations = (
				E9F43BE327BA339A00B774B6 /* Debug */,
				E9F43BE427BA339A00B774B6 /* Release */,
			);
			defaultConfigurationIsVisible = 0;
			defaultConfigurationName = Release;
		};
/* End XCConfigurationList section */
	};
	rootObject = E9F43BC627BA339800B774B6 /* Project object */;
}
